// !$*UTF8*$!
{
	archiveVersion = 1;
	classes = {
	};
	objectVersion = 55;
	objects = {

/* Begin PBXBuildFile section */
		8CDE6C86284959F200EAEAB9 /* AppDelegate.swift in Sources */ = {isa = PBXBuildFile; fileRef = 8CDE6C85284959F200EAEAB9 /* AppDelegate.swift */; };
		8CDE6C88284959F200EAEAB9 /* SceneDelegate.swift in Sources */ = {isa = PBXBuildFile; fileRef = 8CDE6C87284959F200EAEAB9 /* SceneDelegate.swift */; };
		8CDE6C8A284959F200EAEAB9 /* ToDoListViewController.swift in Sources */ = {isa = PBXBuildFile; fileRef = 8CDE6C89284959F200EAEAB9 /* ToDoListViewController.swift */; };
		8CDE6C8D284959F200EAEAB9 /* Main.storyboard in Resources */ = {isa = PBXBuildFile; fileRef = 8CDE6C8B284959F200EAEAB9 /* Main.storyboard */; };
		8CDE6C90284959F200EAEAB9 /* To_Do_List.xcdatamodeld in Sources */ = {isa = PBXBuildFile; fileRef = 8CDE6C8E284959F200EAEAB9 /* To_Do_List.xcdatamodeld */; };
		8CDE6C92284959F500EAEAB9 /* Assets.xcassets in Resources */ = {isa = PBXBuildFile; fileRef = 8CDE6C91284959F500EAEAB9 /* Assets.xcassets */; };
		8CDE6C95284959F500EAEAB9 /* LaunchScreen.storyboard in Resources */ = {isa = PBXBuildFile; fileRef = 8CDE6C93284959F500EAEAB9 /* LaunchScreen.storyboard */; };
		8CDE6CA0284959F600EAEAB9 /* To_Do_ListTests.swift in Sources */ = {isa = PBXBuildFile; fileRef = 8CDE6C9F284959F600EAEAB9 /* To_Do_ListTests.swift */; };
		8CDE6CAA284959F600EAEAB9 /* To_Do_ListUITests.swift in Sources */ = {isa = PBXBuildFile; fileRef = 8CDE6CA9284959F600EAEAB9 /* To_Do_ListUITests.swift */; };
		8CDE6CAC284959F600EAEAB9 /* To_Do_ListUITestsLaunchTests.swift in Sources */ = {isa = PBXBuildFile; fileRef = 8CDE6CAB284959F600EAEAB9 /* To_Do_ListUITestsLaunchTests.swift */; };
		8CDE6CB92849612D00EAEAB9 /* NoteTableViewCell.swift in Sources */ = {isa = PBXBuildFile; fileRef = 8CDE6CB82849612D00EAEAB9 /* NoteTableViewCell.swift */; };
		8CDE6CBE28496F1400EAEAB9 /* UserResponse+CoreDataClass.swift in Sources */ = {isa = PBXBuildFile; fileRef = 8CDE6CBC28496F1400EAEAB9 /* UserResponse+CoreDataClass.swift */; };
		8CDE6CBF28496F1400EAEAB9 /* UserResponse+CoreDataProperties.swift in Sources */ = {isa = PBXBuildFile; fileRef = 8CDE6CBD28496F1400EAEAB9 /* UserResponse+CoreDataProperties.swift */; };
		8CDE6CC12849719500EAEAB9 /* ToDoListViewControllerExtension.swift in Sources */ = {isa = PBXBuildFile; fileRef = 8CDE6CC02849719500EAEAB9 /* ToDoListViewControllerExtension.swift */; };
		8CDE6CC3284972F000EAEAB9 /* DateConvertor.swift in Sources */ = {isa = PBXBuildFile; fileRef = 8CDE6CC2284972F000EAEAB9 /* DateConvertor.swift */; };
/* End PBXBuildFile section */

/* Begin PBXContainerItemProxy section */
		8CDE6C9C284959F600EAEAB9 /* PBXContainerItemProxy */ = {
			isa = PBXContainerItemProxy;
			containerPortal = 8CDE6C7A284959F200EAEAB9 /* Project object */;
			proxyType = 1;
			remoteGlobalIDString = 8CDE6C81284959F200EAEAB9;
			remoteInfo = "To Do List";
		};
		8CDE6CA6284959F600EAEAB9 /* PBXContainerItemProxy */ = {
			isa = PBXContainerItemProxy;
			containerPortal = 8CDE6C7A284959F200EAEAB9 /* Project object */;
			proxyType = 1;
			remoteGlobalIDString = 8CDE6C81284959F200EAEAB9;
			remoteInfo = "To Do List";
		};
/* End PBXContainerItemProxy section */

/* Begin PBXFileReference section */
		8CDE6C82284959F200EAEAB9 /* To Do List.app */ = {isa = PBXFileReference; explicitFileType = wrapper.application; includeInIndex = 0; path = "To Do List.app"; sourceTree = BUILT_PRODUCTS_DIR; };
		8CDE6C85284959F200EAEAB9 /* AppDelegate.swift */ = {isa = PBXFileReference; lastKnownFileType = sourcecode.swift; path = AppDelegate.swift; sourceTree = "<group>"; };
		8CDE6C87284959F200EAEAB9 /* SceneDelegate.swift */ = {isa = PBXFileReference; lastKnownFileType = sourcecode.swift; path = SceneDelegate.swift; sourceTree = "<group>"; };
		8CDE6C89284959F200EAEAB9 /* ToDoListViewController.swift */ = {isa = PBXFileReference; lastKnownFileType = sourcecode.swift; path = ToDoListViewController.swift; sourceTree = "<group>"; };
		8CDE6C8C284959F200EAEAB9 /* Base */ = {isa = PBXFileReference; lastKnownFileType = file.storyboard; name = Base; path = Base.lproj/Main.storyboard; sourceTree = "<group>"; };
		8CDE6C8F284959F200EAEAB9 /* To_Do_List.xcdatamodel */ = {isa = PBXFileReference; lastKnownFileType = wrapper.xcdatamodel; path = To_Do_List.xcdatamodel; sourceTree = "<group>"; };
		8CDE6C91284959F500EAEAB9 /* Assets.xcassets */ = {isa = PBXFileReference; lastKnownFileType = folder.assetcatalog; path = Assets.xcassets; sourceTree = "<group>"; };
		8CDE6C94284959F500EAEAB9 /* Base */ = {isa = PBXFileReference; lastKnownFileType = file.storyboard; name = Base; path = Base.lproj/LaunchScreen.storyboard; sourceTree = "<group>"; };
		8CDE6C96284959F500EAEAB9 /* Info.plist */ = {isa = PBXFileReference; lastKnownFileType = text.plist.xml; path = Info.plist; sourceTree = "<group>"; };
		8CDE6C9B284959F600EAEAB9 /* To Do ListTests.xctest */ = {isa = PBXFileReference; explicitFileType = wrapper.cfbundle; includeInIndex = 0; path = "To Do ListTests.xctest"; sourceTree = BUILT_PRODUCTS_DIR; };
		8CDE6C9F284959F600EAEAB9 /* To_Do_ListTests.swift */ = {isa = PBXFileReference; lastKnownFileType = sourcecode.swift; path = To_Do_ListTests.swift; sourceTree = "<group>"; };
		8CDE6CA5284959F600EAEAB9 /* To Do ListUITests.xctest */ = {isa = PBXFileReference; explicitFileType = wrapper.cfbundle; includeInIndex = 0; path = "To Do ListUITests.xctest"; sourceTree = BUILT_PRODUCTS_DIR; };
		8CDE6CA9284959F600EAEAB9 /* To_Do_ListUITests.swift */ = {isa = PBXFileReference; lastKnownFileType = sourcecode.swift; path = To_Do_ListUITests.swift; sourceTree = "<group>"; };
		8CDE6CAB284959F600EAEAB9 /* To_Do_ListUITestsLaunchTests.swift */ = {isa = PBXFileReference; lastKnownFileType = sourcecode.swift; path = To_Do_ListUITestsLaunchTests.swift; sourceTree = "<group>"; };
		8CDE6CB82849612D00EAEAB9 /* NoteTableViewCell.swift */ = {isa = PBXFileReference; lastKnownFileType = sourcecode.swift; path = NoteTableViewCell.swift; sourceTree = "<group>"; };
		8CDE6CBC28496F1400EAEAB9 /* UserResponse+CoreDataClass.swift */ = {isa = PBXFileReference; lastKnownFileType = sourcecode.swift; path = "UserResponse+CoreDataClass.swift"; sourceTree = "<group>"; };
		8CDE6CBD28496F1400EAEAB9 /* UserResponse+CoreDataProperties.swift */ = {isa = PBXFileReference; lastKnownFileType = sourcecode.swift; path = "UserResponse+CoreDataProperties.swift"; sourceTree = "<group>"; };
		8CDE6CC02849719500EAEAB9 /* ToDoListViewControllerExtension.swift */ = {isa = PBXFileReference; lastKnownFileType = sourcecode.swift; path = ToDoListViewControllerExtension.swift; sourceTree = "<group>"; };
		8CDE6CC2284972F000EAEAB9 /* DateConvertor.swift */ = {isa = PBXFileReference; lastKnownFileType = sourcecode.swift; path = DateConvertor.swift; sourceTree = "<group>"; };
/* End PBXFileReference section */

/* Begin PBXFrameworksBuildPhase section */
		8CDE6C7F284959F200EAEAB9 /* Frameworks */ = {
			isa = PBXFrameworksBuildPhase;
			buildActionMask = 2147483647;
			files = (
			);
			runOnlyForDeploymentPostprocessing = 0;
		};
		8CDE6C98284959F600EAEAB9 /* Frameworks */ = {
			isa = PBXFrameworksBuildPhase;
			buildActionMask = 2147483647;
			files = (
			);
			runOnlyForDeploymentPostprocessing = 0;
		};
		8CDE6CA2284959F600EAEAB9 /* Frameworks */ = {
			isa = PBXFrameworksBuildPhase;
			buildActionMask = 2147483647;
			files = (
			);
			runOnlyForDeploymentPostprocessing = 0;
		};
/* End PBXFrameworksBuildPhase section */

/* Begin PBXGroup section */
		8CDE6C79284959F200EAEAB9 = {
			isa = PBXGroup;
			children = (
				8CDE6C84284959F200EAEAB9 /* To Do List */,
				8CDE6C9E284959F600EAEAB9 /* To Do ListTests */,
				8CDE6CA8284959F600EAEAB9 /* To Do ListUITests */,
				8CDE6C83284959F200EAEAB9 /* Products */,
			);
			sourceTree = "<group>";
		};
		8CDE6C83284959F200EAEAB9 /* Products */ = {
			isa = PBXGroup;
			children = (
				8CDE6C82284959F200EAEAB9 /* To Do List.app */,
				8CDE6C9B284959F600EAEAB9 /* To Do ListTests.xctest */,
				8CDE6CA5284959F600EAEAB9 /* To Do ListUITests.xctest */,
			);
			name = Products;
			sourceTree = "<group>";
		};
		8CDE6C84284959F200EAEAB9 /* To Do List */ = {
			isa = PBXGroup;
			children = (
				8CDE6CC62849823900EAEAB9 /* Controller */,
				8CDE6CC52849822F00EAEAB9 /* View */,
				8CDE6CC4284981C200EAEAB9 /* Model */,
				8CDE6C85284959F200EAEAB9 /* AppDelegate.swift */,
				8CDE6C87284959F200EAEAB9 /* SceneDelegate.swift */,
				8CDE6C8B284959F200EAEAB9 /* Main.storyboard */,
				8CDE6C91284959F500EAEAB9 /* Assets.xcassets */,
				8CDE6C93284959F500EAEAB9 /* LaunchScreen.storyboard */,
				8CDE6C8E284959F200EAEAB9 /* To_Do_List.xcdatamodeld */,
				8CDE6CBC28496F1400EAEAB9 /* UserResponse+CoreDataClass.swift */,
				8CDE6CBD28496F1400EAEAB9 /* UserResponse+CoreDataProperties.swift */,
				8CDE6C96284959F500EAEAB9 /* Info.plist */,
			);
			path = "To Do List";
			sourceTree = "<group>";
		};
		8CDE6C9E284959F600EAEAB9 /* To Do ListTests */ = {
			isa = PBXGroup;
			children = (
				8CDE6C9F284959F600EAEAB9 /* To_Do_ListTests.swift */,
			);
			path = "To Do ListTests";
			sourceTree = "<group>";
		};
		8CDE6CA8284959F600EAEAB9 /* To Do ListUITests */ = {
			isa = PBXGroup;
			children = (
				8CDE6CA9284959F600EAEAB9 /* To_Do_ListUITests.swift */,
				8CDE6CAB284959F600EAEAB9 /* To_Do_ListUITestsLaunchTests.swift */,
			);
			path = "To Do ListUITests";
			sourceTree = "<group>";
		};
		8CDE6CC4284981C200EAEAB9 /* Model */ = {
			isa = PBXGroup;
			children = (
			);
			path = Model;
			sourceTree = "<group>";
		};
		8CDE6CC52849822F00EAEAB9 /* View */ = {
			isa = PBXGroup;
			children = (
			);
			path = View;
			sourceTree = "<group>";
		};
		8CDE6CC62849823900EAEAB9 /* Controller */ = {
			isa = PBXGroup;
			children = (
				8CDE6C89284959F200EAEAB9 /* ToDoListViewController.swift */,
				8CDE6CB82849612D00EAEAB9 /* NoteTableViewCell.swift */,
				8CDE6CC72849827900EAEAB9 /* Extension */,
			);
			path = Controller;
			sourceTree = "<group>";
		};
		8CDE6CC72849827900EAEAB9 /* Extension */ = {
			isa = PBXGroup;
			children = (
				8CDE6CC02849719500EAEAB9 /* ToDoListViewControllerExtension.swift */,
				8CDE6CC2284972F000EAEAB9 /* DateConvertor.swift */,
			);
			path = Extension;
			sourceTree = "<group>";
		};
/* End PBXGroup section */

/* Begin PBXNativeTarget section */
		8CDE6C81284959F200EAEAB9 /* To Do List */ = {
			isa = PBXNativeTarget;
			buildConfigurationList = 8CDE6CAF284959F600EAEAB9 /* Build configuration list for PBXNativeTarget "To Do List" */;
			buildPhases = (
				8CDE6C7E284959F200EAEAB9 /* Sources */,
				8CDE6C7F284959F200EAEAB9 /* Frameworks */,
				8CDE6C80284959F200EAEAB9 /* Resources */,
			);
			buildRules = (
			);
			dependencies = (
			);
			name = "To Do List";
			productName = "To Do List";
			productReference = 8CDE6C82284959F200EAEAB9 /* To Do List.app */;
			productType = "com.apple.product-type.application";
		};
		8CDE6C9A284959F600EAEAB9 /* To Do ListTests */ = {
			isa = PBXNativeTarget;
			buildConfigurationList = 8CDE6CB2284959F600EAEAB9 /* Build configuration list for PBXNativeTarget "To Do ListTests" */;
			buildPhases = (
				8CDE6C97284959F600EAEAB9 /* Sources */,
				8CDE6C98284959F600EAEAB9 /* Frameworks */,
				8CDE6C99284959F600EAEAB9 /* Resources */,
			);
			buildRules = (
			);
			dependencies = (
				8CDE6C9D284959F600EAEAB9 /* PBXTargetDependency */,
			);
			name = "To Do ListTests";
			productName = "To Do ListTests";
			productReference = 8CDE6C9B284959F600EAEAB9 /* To Do ListTests.xctest */;
			productType = "com.apple.product-type.bundle.unit-test";
		};
		8CDE6CA4284959F600EAEAB9 /* To Do ListUITests */ = {
			isa = PBXNativeTarget;
			buildConfigurationList = 8CDE6CB5284959F600EAEAB9 /* Build configuration list for PBXNativeTarget "To Do ListUITests" */;
			buildPhases = (
				8CDE6CA1284959F600EAEAB9 /* Sources */,
				8CDE6CA2284959F600EAEAB9 /* Frameworks */,
				8CDE6CA3284959F600EAEAB9 /* Resources */,
			);
			buildRules = (
			);
			dependencies = (
				8CDE6CA7284959F600EAEAB9 /* PBXTargetDependency */,
			);
			name = "To Do ListUITests";
			productName = "To Do ListUITests";
			productReference = 8CDE6CA5284959F600EAEAB9 /* To Do ListUITests.xctest */;
			productType = "com.apple.product-type.bundle.ui-testing";
		};
/* End PBXNativeTarget section */

/* Begin PBXProject section */
		8CDE6C7A284959F200EAEAB9 /* Project object */ = {
			isa = PBXProject;
			attributes = {
				BuildIndependentTargetsInParallel = 1;
				LastSwiftUpdateCheck = 1340;
				LastUpgradeCheck = 1340;
				TargetAttributes = {
					8CDE6C81284959F200EAEAB9 = {
						CreatedOnToolsVersion = 13.4;
					};
					8CDE6C9A284959F600EAEAB9 = {
						CreatedOnToolsVersion = 13.4;
						TestTargetID = 8CDE6C81284959F200EAEAB9;
					};
					8CDE6CA4284959F600EAEAB9 = {
						CreatedOnToolsVersion = 13.4;
						TestTargetID = 8CDE6C81284959F200EAEAB9;
					};
				};
			};
			buildConfigurationList = 8CDE6C7D284959F200EAEAB9 /* Build configuration list for PBXProject "To Do List" */;
			compatibilityVersion = "Xcode 13.0";
			developmentRegion = en;
			hasScannedForEncodings = 0;
			knownRegions = (
				en,
				Base,
			);
			mainGroup = 8CDE6C79284959F200EAEAB9;
			productRefGroup = 8CDE6C83284959F200EAEAB9 /* Products */;
			projectDirPath = "";
			projectRoot = "";
			targets = (
				8CDE6C81284959F200EAEAB9 /* To Do List */,
				8CDE6C9A284959F600EAEAB9 /* To Do ListTests */,
				8CDE6CA4284959F600EAEAB9 /* To Do ListUITests */,
			);
		};
/* End PBXProject section */

/* Begin PBXResourcesBuildPhase section */
		8CDE6C80284959F200EAEAB9 /* Resources */ = {
			isa = PBXResourcesBuildPhase;
			buildActionMask = 2147483647;
			files = (
				8CDE6C95284959F500EAEAB9 /* LaunchScreen.storyboard in Resources */,
				8CDE6C92284959F500EAEAB9 /* Assets.xcassets in Resources */,
				8CDE6C8D284959F200EAEAB9 /* Main.storyboard in Resources */,
			);
			runOnlyForDeploymentPostprocessing = 0;
		};
		8CDE6C99284959F600EAEAB9 /* Resources */ = {
			isa = PBXResourcesBuildPhase;
			buildActionMask = 2147483647;
			files = (
			);
			runOnlyForDeploymentPostprocessing = 0;
		};
		8CDE6CA3284959F600EAEAB9 /* Resources */ = {
			isa = PBXResourcesBuildPhase;
			buildActionMask = 2147483647;
			files = (
			);
			runOnlyForDeploymentPostprocessing = 0;
		};
/* End PBXResourcesBuildPhase section */

/* Begin PBXSourcesBuildPhase section */
		8CDE6C7E284959F200EAEAB9 /* Sources */ = {
			isa = PBXSourcesBuildPhase;
			buildActionMask = 2147483647;
			files = (
				8CDE6CBE28496F1400EAEAB9 /* UserResponse+CoreDataClass.swift in Sources */,
				8CDE6CBF28496F1400EAEAB9 /* UserResponse+CoreDataProperties.swift in Sources */,
				8CDE6C8A284959F200EAEAB9 /* ToDoListViewController.swift in Sources */,
				8CDE6C86284959F200EAEAB9 /* AppDelegate.swift in Sources */,
				8CDE6CC3284972F000EAEAB9 /* DateConvertor.swift in Sources */,
				8CDE6C88284959F200EAEAB9 /* SceneDelegate.swift in Sources */,
				8CDE6CC12849719500EAEAB9 /* ToDoListViewControllerExtension.swift in Sources */,
				8CDE6CB92849612D00EAEAB9 /* NoteTableViewCell.swift in Sources */,
				8CDE6C90284959F200EAEAB9 /* To_Do_List.xcdatamodeld in Sources */,
			);
			runOnlyForDeploymentPostprocessing = 0;
		};
		8CDE6C97284959F600EAEAB9 /* Sources */ = {
			isa = PBXSourcesBuildPhase;
			buildActionMask = 2147483647;
			files = (
				8CDE6CA0284959F600EAEAB9 /* To_Do_ListTests.swift in Sources */,
			);
			runOnlyForDeploymentPostprocessing = 0;
		};
		8CDE6CA1284959F600EAEAB9 /* Sources */ = {
			isa = PBXSourcesBuildPhase;
			buildActionMask = 2147483647;
			files = (
				8CDE6CAC284959F600EAEAB9 /* To_Do_ListUITestsLaunchTests.swift in Sources */,
				8CDE6CAA284959F600EAEAB9 /* To_Do_ListUITests.swift in Sources */,
			);
			runOnlyForDeploymentPostprocessing = 0;
		};
/* End PBXSourcesBuildPhase section */

/* Begin PBXTargetDependency section */
		8CDE6C9D284959F600EAEAB9 /* PBXTargetDependency */ = {
			isa = PBXTargetDependency;
			target = 8CDE6C81284959F200EAEAB9 /* To Do List */;
			targetProxy = 8CDE6C9C284959F600EAEAB9 /* PBXContainerItemProxy */;
		};
		8CDE6CA7284959F600EAEAB9 /* PBXTargetDependency */ = {
			isa = PBXTargetDependency;
			target = 8CDE6C81284959F200EAEAB9 /* To Do List */;
			targetProxy = 8CDE6CA6284959F600EAEAB9 /* PBXContainerItemProxy */;
		};
/* End PBXTargetDependency section */

/* Begin PBXVariantGroup section */
		8CDE6C8B284959F200EAEAB9 /* Main.storyboard */ = {
			isa = PBXVariantGroup;
			children = (
				8CDE6C8C284959F200EAEAB9 /* Base */,
			);
			name = Main.storyboard;
			sourceTree = "<group>";
		};
		8CDE6C93284959F500EAEAB9 /* LaunchScreen.storyboard */ = {
			isa = PBXVariantGroup;
			children = (
				8CDE6C94284959F500EAEAB9 /* Base */,
			);
			name = LaunchScreen.storyboard;
			sourceTree = "<group>";
		};
/* End PBXVariantGroup section */

/* Begin XCBuildConfiguration section */
		8CDE6CAD284959F600EAEAB9 /* Debug */ = {
			isa = XCBuildConfiguration;
			buildSettings = {
				ALWAYS_SEARCH_USER_PATHS = NO;
				CLANG_ANALYZER_NONNULL = YES;
				CLANG_ANALYZER_NUMBER_OBJECT_CONVERSION = YES_AGGRESSIVE;
				CLANG_CXX_LANGUAGE_STANDARD = "gnu++17";
				CLANG_ENABLE_MODULES = YES;
				CLANG_ENABLE_OBJC_ARC = YES;
				CLANG_ENABLE_OBJC_WEAK = YES;
				CLANG_WARN_BLOCK_CAPTURE_AUTORELEASING = YES;
				CLANG_WARN_BOOL_CONVERSION = YES;
				CLANG_WARN_COMMA = YES;
				CLANG_WARN_CONSTANT_CONVERSION = YES;
				CLANG_WARN_DEPRECATED_OBJC_IMPLEMENTATIONS = YES;
				CLANG_WARN_DIRECT_OBJC_ISA_USAGE = YES_ERROR;
				CLANG_WARN_DOCUMENTATION_COMMENTS = YES;
				CLANG_WARN_EMPTY_BODY = YES;
				CLANG_WARN_ENUM_CONVERSION = YES;
				CLANG_WARN_INFINITE_RECURSION = YES;
				CLANG_WARN_INT_CONVERSION = YES;
				CLANG_WARN_NON_LITERAL_NULL_CONVERSION = YES;
				CLANG_WARN_OBJC_IMPLICIT_RETAIN_SELF = YES;
				CLANG_WARN_OBJC_LITERAL_CONVERSION = YES;
				CLANG_WARN_OBJC_ROOT_CLASS = YES_ERROR;
				CLANG_WARN_QUOTED_INCLUDE_IN_FRAMEWORK_HEADER = YES;
				CLANG_WARN_RANGE_LOOP_ANALYSIS = YES;
				CLANG_WARN_STRICT_PROTOTYPES = YES;
				CLANG_WARN_SUSPICIOUS_MOVE = YES;
				CLANG_WARN_UNGUARDED_AVAILABILITY = YES_AGGRESSIVE;
				CLANG_WARN_UNREACHABLE_CODE = YES;
				CLANG_WARN__DUPLICATE_METHOD_MATCH = YES;
				COPY_PHASE_STRIP = NO;
				DEBUG_INFORMATION_FORMAT = dwarf;
				ENABLE_STRICT_OBJC_MSGSEND = YES;
				ENABLE_TESTABILITY = YES;
				GCC_C_LANGUAGE_STANDARD = gnu11;
				GCC_DYNAMIC_NO_PIC = NO;
				GCC_NO_COMMON_BLOCKS = YES;
				GCC_OPTIMIZATION_LEVEL = 0;
				GCC_PREPROCESSOR_DEFINITIONS = (
					"DEBUG=1",
					"$(inherited)",
				);
				GCC_WARN_64_TO_32_BIT_CONVERSION = YES;
				GCC_WARN_ABOUT_RETURN_TYPE = YES_ERROR;
				GCC_WARN_UNDECLARED_SELECTOR = YES;
				GCC_WARN_UNINITIALIZED_AUTOS = YES_AGGRESSIVE;
				GCC_WARN_UNUSED_FUNCTION = YES;
				GCC_WARN_UNUSED_VARIABLE = YES;
				IPHONEOS_DEPLOYMENT_TARGET = 15.5;
				MTL_ENABLE_DEBUG_INFO = INCLUDE_SOURCE;
				MTL_FAST_MATH = YES;
				ONLY_ACTIVE_ARCH = YES;
				SDKROOT = iphoneos;
				SWIFT_ACTIVE_COMPILATION_CONDITIONS = DEBUG;
				SWIFT_OPTIMIZATION_LEVEL = "-Onone";
			};
			name = Debug;
		};
		8CDE6CAE284959F600EAEAB9 /* Release */ = {
			isa = XCBuildConfiguration;
			buildSettings = {
				ALWAYS_SEARCH_USER_PATHS = NO;
				CLANG_ANALYZER_NONNULL = YES;
				CLANG_ANALYZER_NUMBER_OBJECT_CONVERSION = YES_AGGRESSIVE;
				CLANG_CXX_LANGUAGE_STANDARD = "gnu++17";
				CLANG_ENABLE_MODULES = YES;
				CLANG_ENABLE_OBJC_ARC = YES;
				CLANG_ENABLE_OBJC_WEAK = YES;
				CLANG_WARN_BLOCK_CAPTURE_AUTORELEASING = YES;
				CLANG_WARN_BOOL_CONVERSION = YES;
				CLANG_WARN_COMMA = YES;
				CLANG_WARN_CONSTANT_CONVERSION = YES;
				CLANG_WARN_DEPRECATED_OBJC_IMPLEMENTATIONS = YES;
				CLANG_WARN_DIRECT_OBJC_ISA_USAGE = YES_ERROR;
				CLANG_WARN_DOCUMENTATION_COMMENTS = YES;
				CLANG_WARN_EMPTY_BODY = YES;
				CLANG_WARN_ENUM_CONVERSION = YES;
				CLANG_WARN_INFINITE_RECURSION = YES;
				CLANG_WARN_INT_CONVERSION = YES;
				CLANG_WARN_NON_LITERAL_NULL_CONVERSION = YES;
				CLANG_WARN_OBJC_IMPLICIT_RETAIN_SELF = YES;
				CLANG_WARN_OBJC_LITERAL_CONVERSION = YES;
				CLANG_WARN_OBJC_ROOT_CLASS = YES_ERROR;
				CLANG_WARN_QUOTED_INCLUDE_IN_FRAMEWORK_HEADER = YES;
				CLANG_WARN_RANGE_LOOP_ANALYSIS = YES;
				CLANG_WARN_STRICT_PROTOTYPES = YES;
				CLANG_WARN_SUSPICIOUS_MOVE = YES;
				CLANG_WARN_UNGUARDED_AVAILABILITY = YES_AGGRESSIVE;
				CLANG_WARN_UNREACHABLE_CODE = YES;
				CLANG_WARN__DUPLICATE_METHOD_MATCH = YES;
				COPY_PHASE_STRIP = NO;
				DEBUG_INFORMATION_FORMAT = "dwarf-with-dsym";
				ENABLE_NS_ASSERTIONS = NO;
				ENABLE_STRICT_OBJC_MSGSEND = YES;
				GCC_C_LANGUAGE_STANDARD = gnu11;
				GCC_NO_COMMON_BLOCKS = YES;
				GCC_WARN_64_TO_32_BIT_CONVERSION = YES;
				GCC_WARN_ABOUT_RETURN_TYPE = YES_ERROR;
				GCC_WARN_UNDECLARED_SELECTOR = YES;
				GCC_WARN_UNINITIALIZED_AUTOS = YES_AGGRESSIVE;
				GCC_WARN_UNUSED_FUNCTION = YES;
				GCC_WARN_UNUSED_VARIABLE = YES;
				IPHONEOS_DEPLOYMENT_TARGET = 15.5;
				MTL_ENABLE_DEBUG_INFO = NO;
				MTL_FAST_MATH = YES;
				SDKROOT = iphoneos;
				SWIFT_COMPILATION_MODE = wholemodule;
				SWIFT_OPTIMIZATION_LEVEL = "-O";
				VALIDATE_PRODUCT = YES;
			};
			name = Release;
		};
		8CDE6CB0284959F600EAEAB9 /* Debug */ = {
			isa = XCBuildConfiguration;
			buildSettings = {
				ASSETCATALOG_COMPILER_APPICON_NAME = AppIcon;
				ASSETCATALOG_COMPILER_GLOBAL_ACCENT_COLOR_NAME = AccentColor;
				CODE_SIGN_STYLE = Automatic;
				CURRENT_PROJECT_VERSION = 1;
				DEVELOPMENT_TEAM = CRPB5AHSY2;
				GENERATE_INFOPLIST_FILE = YES;
				INFOPLIST_FILE = "To Do List/Info.plist";
				INFOPLIST_KEY_UIApplicationSupportsIndirectInputEvents = YES;
				INFOPLIST_KEY_UILaunchStoryboardName = LaunchScreen;
				INFOPLIST_KEY_UIMainStoryboardFile = Main;
				INFOPLIST_KEY_UISupportedInterfaceOrientations_iPad = "UIInterfaceOrientationPortrait UIInterfaceOrientationPortraitUpsideDown UIInterfaceOrientationLandscapeLeft UIInterfaceOrientationLandscapeRight";
				INFOPLIST_KEY_UISupportedInterfaceOrientations_iPhone = "UIInterfaceOrientationPortrait UIInterfaceOrientationLandscapeLeft UIInterfaceOrientationLandscapeRight";
				LD_RUNPATH_SEARCH_PATHS = (
					"$(inherited)",
					"@executable_path/Frameworks",
				);
				MARKETING_VERSION = 1.0;
				PRODUCT_BUNDLE_IDENTIFIER = "NateW.To-Do-List";
				PRODUCT_NAME = "$(TARGET_NAME)";
				SWIFT_EMIT_LOC_STRINGS = YES;
				SWIFT_VERSION = 5.0;
				TARGETED_DEVICE_FAMILY = "1,2";
			};
			name = Debug;
		};
		8CDE6CB1284959F600EAEAB9 /* Release */ = {
			isa = XCBuildConfiguration;
			buildSettings = {
				ASSETCATALOG_COMPILER_APPICON_NAME = AppIcon;
				ASSETCATALOG_COMPILER_GLOBAL_ACCENT_COLOR_NAME = AccentColor;
				CODE_SIGN_STYLE = Automatic;
				CURRENT_PROJECT_VERSION = 1;
				DEVELOPMENT_TEAM = CRPB5AHSY2;
				GENERATE_INFOPLIST_FILE = YES;
				INFOPLIST_FILE = "To Do List/Info.plist";
				INFOPLIST_KEY_UIApplicationSupportsIndirectInputEvents = YES;
				INFOPLIST_KEY_UILaunchStoryboardName = LaunchScreen;
				INFOPLIST_KEY_UIMainStoryboardFile = Main;
				INFOPLIST_KEY_UISupportedInterfaceOrientations_iPad = "UIInterfaceOrientationPortrait UIInterfaceOrientationPortraitUpsideDown UIInterfaceOrientationLandscapeLeft UIInterfaceOrientationLandscapeRight";
				INFOPLIST_KEY_UISupportedInterfaceOrientations_iPhone = "UIInterfaceOrientationPortrait UIInterfaceOrientationLandscapeLeft UIInterfaceOrientationLandscapeRight";
				LD_RUNPATH_SEARCH_PATHS = (
					"$(inherited)",
					"@executable_path/Frameworks",
				);
				MARKETING_VERSION = 1.0;
				PRODUCT_BUNDLE_IDENTIFIER = "NateW.To-Do-List";
				PRODUCT_NAME = "$(TARGET_NAME)";
				SWIFT_EMIT_LOC_STRINGS = YES;
				SWIFT_VERSION = 5.0;
				TARGETED_DEVICE_FAMILY = "1,2";
			};
			name = Release;
		};
		8CDE6CB3284959F600EAEAB9 /* Debug */ = {
			isa = XCBuildConfiguration;
			buildSettings = {
				ALWAYS_EMBED_SWIFT_STANDARD_LIBRARIES = YES;
				BUNDLE_LOADER = "$(TEST_HOST)";
				CODE_SIGN_STYLE = Automatic;
				CURRENT_PROJECT_VERSION = 1;
				DEVELOPMENT_TEAM = CRPB5AHSY2;
				GENERATE_INFOPLIST_FILE = YES;
				IPHONEOS_DEPLOYMENT_TARGET = 15.5;
				MARKETING_VERSION = 1.0;
				PRODUCT_BUNDLE_IDENTIFIER = "NateW.To-Do-ListTests";
				PRODUCT_NAME = "$(TARGET_NAME)";
				SWIFT_EMIT_LOC_STRINGS = NO;
				SWIFT_VERSION = 5.0;
				TARGETED_DEVICE_FAMILY = "1,2";
				TEST_HOST = "$(BUILT_PRODUCTS_DIR)/To Do List.app/To Do List";
			};
			name = Debug;
		};
		8CDE6CB4284959F600EAEAB9 /* Release */ = {
			isa = XCBuildConfiguration;
			buildSettings = {
				ALWAYS_EMBED_SWIFT_STANDARD_LIBRARIES = YES;
				BUNDLE_LOADER = "$(TEST_HOST)";
				CODE_SIGN_STYLE = Automatic;
				CURRENT_PROJECT_VERSION = 1;
				DEVELOPMENT_TEAM = CRPB5AHSY2;
				GENERATE_INFOPLIST_FILE = YES;
				IPHONEOS_DEPLOYMENT_TARGET = 15.5;
				MARKETING_VERSION = 1.0;
				PRODUCT_BUNDLE_IDENTIFIER = "NateW.To-Do-ListTests";
				PRODUCT_NAME = "$(TARGET_NAME)";
				SWIFT_EMIT_LOC_STRINGS = NO;
				SWIFT_VERSION = 5.0;
				TARGETED_DEVICE_FAMILY = "1,2";
				TEST_HOST = "$(BUILT_PRODUCTS_DIR)/To Do List.app/To Do List";
			};
			name = Release;
		};
		8CDE6CB6284959F600EAEAB9 /* Debug */ = {
			isa = XCBuildConfiguration;
			buildSettings = {
				ALWAYS_EMBED_SWIFT_STANDARD_LIBRARIES = YES;
				CODE_SIGN_STYLE = Automatic;
				CURRENT_PROJECT_VERSION = 1;
				DEVELOPMENT_TEAM = CRPB5AHSY2;
				GENERATE_INFOPLIST_FILE = YES;
				MARKETING_VERSION = 1.0;
				PRODUCT_BUNDLE_IDENTIFIER = "NateW.To-Do-ListUITests";
				PRODUCT_NAME = "$(TARGET_NAME)";
				SWIFT_EMIT_LOC_STRINGS = NO;
				SWIFT_VERSION = 5.0;
				TARGETED_DEVICE_FAMILY = "1,2";
				TEST_TARGET_NAME = "To Do List";
			};
			name = Debug;
		};
		8CDE6CB7284959F600EAEAB9 /* Release */ = {
			isa = XCBuildConfiguration;
			buildSettings = {
				ALWAYS_EMBED_SWIFT_STANDARD_LIBRARIES = YES;
				CODE_SIGN_STYLE = Automatic;
				CURRENT_PROJECT_VERSION = 1;
				DEVELOPMENT_TEAM = CRPB5AHSY2;
				GENERATE_INFOPLIST_FILE = YES;
				MARKETING_VERSION = 1.0;
				PRODUCT_BUNDLE_IDENTIFIER = "NateW.To-Do-ListUITests";
				PRODUCT_NAME = "$(TARGET_NAME)";
				SWIFT_EMIT_LOC_STRINGS = NO;
				SWIFT_VERSION = 5.0;
				TARGETED_DEVICE_FAMILY = "1,2";
				TEST_TARGET_NAME = "To Do List";
			};
			name = Release;
		};
/* End XCBuildConfiguration section */

/* Begin XCConfigurationList section */
		8CDE6C7D284959F200EAEAB9 /* Build configuration list for PBXProject "To Do List" */ = {
			isa = XCConfigurationList;
			buildConfigurations = (
				8CDE6CAD284959F600EAEAB9 /* Debug */,
				8CDE6CAE284959F600EAEAB9 /* Release */,
			);
			defaultConfigurationIsVisible = 0;
			defaultConfigurationName = Release;
		};
		8CDE6CAF284959F600EAEAB9 /* Build configuration list for PBXNativeTarget "To Do List" */ = {
			isa = XCConfigurationList;
			buildConfigurations = (
				8CDE6CB0284959F600EAEAB9 /* Debug */,
				8CDE6CB1284959F600EAEAB9 /* Release */,
			);
			defaultConfigurationIsVisible = 0;
			defaultConfigurationName = Release;
		};
		8CDE6CB2284959F600EAEAB9 /* Build configuration list for PBXNativeTarget "To Do ListTests" */ = {
			isa = XCConfigurationList;
			buildConfigurations = (
				8CDE6CB3284959F600EAEAB9 /* Debug */,
				8CDE6CB4284959F600EAEAB9 /* Release */,
			);
			defaultConfigurationIsVisible = 0;
			defaultConfigurationName = Release;
		};
		8CDE6CB5284959F600EAEAB9 /* Build configuration list for PBXNativeTarget "To Do ListUITests" */ = {
			isa = XCConfigurationList;
			buildConfigurations = (
				8CDE6CB6284959F600EAEAB9 /* Debug */,
				8CDE6CB7284959F600EAEAB9 /* Release */,
			);
			defaultConfigurationIsVisible = 0;
			defaultConfigurationName = Release;
		};
/* End XCConfigurationList section */

/* Begin XCVersionGroup section */
		8CDE6C8E284959F200EAEAB9 /* To_Do_List.xcdatamodeld */ = {
			isa = XCVersionGroup;
			children = (
				8CDE6C8F284959F200EAEAB9 /* To_Do_List.xcdatamodel */,
			);
			currentVersion = 8CDE6C8F284959F200EAEAB9 /* To_Do_List.xcdatamodel */;
			path = To_Do_List.xcdatamodeld;
			sourceTree = "<group>";
			versionGroupType = wrapper.xcdatamodel;
		};
/* End XCVersionGroup section */
	};
	rootObject = 8CDE6C7A284959F200EAEAB9 /* Project object */;
}
